// !$*UTF8*$!
{
	archiveVersion = 1;
	classes = {
	};
	objectVersion = 50;
	objects = {

/* Begin PBXBuildFile section */
		16B13B7122AFC47000B21343 /* AppDelegate.swift in Sources */ = {isa = PBXBuildFile; fileRef = 16B13B7022AFC47000B21343 /* AppDelegate.swift */; };
		16B13B7322AFC47000B21343 /* ViewController.swift in Sources */ = {isa = PBXBuildFile; fileRef = 16B13B7222AFC47000B21343 /* ViewController.swift */; };
		16B13B7622AFC47000B21343 /* Main.storyboard in Resources */ = {isa = PBXBuildFile; fileRef = 16B13B7422AFC47000B21343 /* Main.storyboard */; };
		16B13B7822AFC47100B21343 /* Assets.xcassets in Resources */ = {isa = PBXBuildFile; fileRef = 16B13B7722AFC47100B21343 /* Assets.xcassets */; };
		16B13B7B22AFC47100B21343 /* LaunchScreen.storyboard in Resources */ = {isa = PBXBuildFile; fileRef = 16B13B7922AFC47100B21343 /* LaunchScreen.storyboard */; };
		16B13B8622AFC47100B21343 /* FadeOutFadeInAnimationTests.swift in Sources */ = {isa = PBXBuildFile; fileRef = 16B13B8522AFC47100B21343 /* FadeOutFadeInAnimationTests.swift */; };
		16B13B9122AFC47100B21343 /* FadeOutFadeInAnimationUITests.swift in Sources */ = {isa = PBXBuildFile; fileRef = 16B13B9022AFC47100B21343 /* FadeOutFadeInAnimationUITests.swift */; };
/* End PBXBuildFile section */

/* Begin PBXContainerItemProxy section */
		16B13B8222AFC47100B21343 /* PBXContainerItemProxy */ = {
			isa = PBXContainerItemProxy;
			containerPortal = 16B13B6522AFC47000B21343 /* Project object */;
			proxyType = 1;
			remoteGlobalIDString = 16B13B6C22AFC47000B21343;
			remoteInfo = FadeOutFadeInAnimation;
		};
		16B13B8D22AFC47100B21343 /* PBXContainerItemProxy */ = {
			isa = PBXContainerItemProxy;
			containerPortal = 16B13B6522AFC47000B21343 /* Project object */;
			proxyType = 1;
			remoteGlobalIDString = 16B13B6C22AFC47000B21343;
			remoteInfo = FadeOutFadeInAnimation;
		};
/* End PBXContainerItemProxy section */

/* Begin PBXFileReference section */
		16B13B6D22AFC47000B21343 /* FadeOutFadeInAnimation.app */ = {isa = PBXFileReference; explicitFileType = wrapper.application; includeInIndex = 0; path = FadeOutFadeInAnimation.app; sourceTree = BUILT_PRODUCTS_DIR; };
		16B13B7022AFC47000B21343 /* AppDelegate.swift */ = {isa = PBXFileReference; lastKnownFileType = sourcecode.swift; path = AppDelegate.swift; sourceTree = "<group>"; };
		16B13B7222AFC47000B21343 /* ViewController.swift */ = {isa = PBXFileReference; lastKnownFileType = sourcecode.swift; path = ViewController.swift; sourceTree = "<group>"; };
		16B13B7522AFC47000B21343 /* Base */ = {isa = PBXFileReference; lastKnownFileType = file.storyboard; name = Base; path = Base.lproj/Main.storyboard; sourceTree = "<group>"; };
		16B13B7722AFC47100B21343 /* Assets.xcassets */ = {isa = PBXFileReference; lastKnownFileType = folder.assetcatalog; path = Assets.xcassets; sourceTree = "<group>"; };
		16B13B7A22AFC47100B21343 /* Base */ = {isa = PBXFileReference; lastKnownFileType = file.storyboard; name = Base; path = Base.lproj/LaunchScreen.storyboard; sourceTree = "<group>"; };
		16B13B7C22AFC47100B21343 /* Info.plist */ = {isa = PBXFileReference; lastKnownFileType = text.plist.xml; path = Info.plist; sourceTree = "<group>"; };
		16B13B8122AFC47100B21343 /* FadeOutFadeInAnimationTests.xctest */ = {isa = PBXFileReference; explicitFileType = wrapper.cfbundle; includeInIndex = 0; path = FadeOutFadeInAnimationTests.xctest; sourceTree = BUILT_PRODUCTS_DIR; };
		16B13B8522AFC47100B21343 /* FadeOutFadeInAnimationTests.swift */ = {isa = PBXFileReference; lastKnownFileType = sourcecode.swift; path = FadeOutFadeInAnimationTests.swift; sourceTree = "<group>"; };
		16B13B8722AFC47100B21343 /* Info.plist */ = {isa = PBXFileReference; lastKnownFileType = text.plist.xml; path = Info.plist; sourceTree = "<group>"; };
		16B13B8C22AFC47100B21343 /* FadeOutFadeInAnimationUITests.xctest */ = {isa = PBXFileReference; explicitFileType = wrapper.cfbundle; includeInIndex = 0; path = FadeOutFadeInAnimationUITests.xctest; sourceTree = BUILT_PRODUCTS_DIR; };
		16B13B9022AFC47100B21343 /* FadeOutFadeInAnimationUITests.swift */ = {isa = PBXFileReference; lastKnownFileType = sourcecode.swift; path = FadeOutFadeInAnimationUITests.swift; sourceTree = "<group>"; };
		16B13B9222AFC47100B21343 /* Info.plist */ = {isa = PBXFileReference; lastKnownFileType = text.plist.xml; path = Info.plist; sourceTree = "<group>"; };
/* End PBXFileReference section */

/* Begin PBXFrameworksBuildPhase section */
		16B13B6A22AFC47000B21343 /* Frameworks */ = {
			isa = PBXFrameworksBuildPhase;
			buildActionMask = 2147483647;
			files = (
			);
			runOnlyForDeploymentPostprocessing = 0;
		};
		16B13B7E22AFC47100B21343 /* Frameworks */ = {
			isa = PBXFrameworksBuildPhase;
			buildActionMask = 2147483647;
			files = (
			);
			runOnlyForDeploymentPostprocessing = 0;
		};
		16B13B8922AFC47100B21343 /* Frameworks */ = {
			isa = PBXFrameworksBuildPhase;
			buildActionMask = 2147483647;
			files = (
			);
			runOnlyForDeploymentPostprocessing = 0;
		};
/* End PBXFrameworksBuildPhase section */

/* Begin PBXGroup section */
		16B13B6422AFC47000B21343 = {
			isa = PBXGroup;
			children = (
				16B13B6F22AFC47000B21343 /* FadeOutFadeInAnimation */,
				16B13B8422AFC47100B21343 /* FadeOutFadeInAnimationTests */,
				16B13B8F22AFC47100B21343 /* FadeOutFadeInAnimationUITests */,
				16B13B6E22AFC47000B21343 /* Products */,
			);
			sourceTree = "<group>";
		};
		16B13B6E22AFC47000B21343 /* Products */ = {
			isa = PBXGroup;
			children = (
				16B13B6D22AFC47000B21343 /* FadeOutFadeInAnimation.app */,
				16B13B8122AFC47100B21343 /* FadeOutFadeInAnimationTests.xctest */,
				16B13B8C22AFC47100B21343 /* FadeOutFadeInAnimationUITests.xctest */,
			);
			name = Products;
			sourceTree = "<group>";
		};
		16B13B6F22AFC47000B21343 /* FadeOutFadeInAnimation */ = {
			isa = PBXGroup;
			children = (
				16B13B7022AFC47000B21343 /* AppDelegate.swift */,
				16B13B7222AFC47000B21343 /* ViewController.swift */,
				16B13B7422AFC47000B21343 /* Main.storyboard */,
				16B13B7722AFC47100B21343 /* Assets.xcassets */,
				16B13B7922AFC47100B21343 /* LaunchScreen.storyboard */,
				16B13B7C22AFC47100B21343 /* Info.plist */,
			);
			path = FadeOutFadeInAnimation;
			sourceTree = "<group>";
		};
		16B13B8422AFC47100B21343 /* FadeOutFadeInAnimationTests */ = {
			isa = PBXGroup;
			children = (
				16B13B8522AFC47100B21343 /* FadeOutFadeInAnimationTests.swift */,
				16B13B8722AFC47100B21343 /* Info.plist */,
			);
			path = FadeOutFadeInAnimationTests;
			sourceTree = "<group>";
		};
		16B13B8F22AFC47100B21343 /* FadeOutFadeInAnimationUITests */ = {
			isa = PBXGroup;
			children = (
				16B13B9022AFC47100B21343 /* FadeOutFadeInAnimationUITests.swift */,
				16B13B9222AFC47100B21343 /* Info.plist */,
			);
			path = FadeOutFadeInAnimationUITests;
			sourceTree = "<group>";
		};
/* End PBXGroup section */

/* Begin PBXNativeTarget section */
		16B13B6C22AFC47000B21343 /* FadeOutFadeInAnimation */ = {
			isa = PBXNativeTarget;
			buildConfigurationList = 16B13B9522AFC47100B21343 /* Build configuration list for PBXNativeTarget "FadeOutFadeInAnimation" */;
			buildPhases = (
				16B13B6922AFC47000B21343 /* Sources */,
				16B13B6A22AFC47000B21343 /* Frameworks */,
				16B13B6B22AFC47000B21343 /* Resources */,
			);
			buildRules = (
			);
			dependencies = (
			);
			name = FadeOutFadeInAnimation;
			productName = FadeOutFadeInAnimation;
			productReference = 16B13B6D22AFC47000B21343 /* FadeOutFadeInAnimation.app */;
			productType = "com.apple.product-type.application";
		};
		16B13B8022AFC47100B21343 /* FadeOutFadeInAnimationTests */ = {
			isa = PBXNativeTarget;
			buildConfigurationList = 16B13B9822AFC47100B21343 /* Build configuration list for PBXNativeTarget "FadeOutFadeInAnimationTests" */;
			buildPhases = (
				16B13B7D22AFC47100B21343 /* Sources */,
				16B13B7E22AFC47100B21343 /* Frameworks */,
				16B13B7F22AFC47100B21343 /* Resources */,
			);
			buildRules = (
			);
			dependencies = (
				16B13B8322AFC47100B21343 /* PBXTargetDependency */,
			);
			name = FadeOutFadeInAnimationTests;
			productName = FadeOutFadeInAnimationTests;
			productReference = 16B13B8122AFC47100B21343 /* FadeOutFadeInAnimationTests.xctest */;
			productType = "com.apple.product-type.bundle.unit-test";
		};
		16B13B8B22AFC47100B21343 /* FadeOutFadeInAnimationUITests */ = {
			isa = PBXNativeTarget;
			buildConfigurationList = 16B13B9B22AFC47100B21343 /* Build configuration list for PBXNativeTarget "FadeOutFadeInAnimationUITests" */;
			buildPhases = (
				16B13B8822AFC47100B21343 /* Sources */,
				16B13B8922AFC47100B21343 /* Frameworks */,
				16B13B8A22AFC47100B21343 /* Resources */,
			);
			buildRules = (
			);
			dependencies = (
				16B13B8E22AFC47100B21343 /* PBXTargetDependency */,
			);
			name = FadeOutFadeInAnimationUITests;
			productName = FadeOutFadeInAnimationUITests;
			productReference = 16B13B8C22AFC47100B21343 /* FadeOutFadeInAnimationUITests.xctest */;
			productType = "com.apple.product-type.bundle.ui-testing";
		};
/* End PBXNativeTarget section */

/* Begin PBXProject section */
		16B13B6522AFC47000B21343 /* Project object */ = {
			isa = PBXProject;
			attributes = {
				LastSwiftUpdateCheck = 1020;
				LastUpgradeCheck = 1020;
				ORGANIZATIONNAME = Meenal;
				TargetAttributes = {
					16B13B6C22AFC47000B21343 = {
						CreatedOnToolsVersion = 10.2.1;
					};
					16B13B8022AFC47100B21343 = {
						CreatedOnToolsVersion = 10.2.1;
						TestTargetID = 16B13B6C22AFC47000B21343;
					};
					16B13B8B22AFC47100B21343 = {
						CreatedOnToolsVersion = 10.2.1;
						TestTargetID = 16B13B6C22AFC47000B21343;
					};
				};
			};
			buildConfigurationList = 16B13B6822AFC47000B21343 /* Build configuration list for PBXProject "FadeOutFadeInAnimation" */;
			compatibilityVersion = "Xcode 9.3";
			developmentRegion = en;
			hasScannedForEncodings = 0;
			knownRegions = (
				en,
				Base,
			);
			mainGroup = 16B13B6422AFC47000B21343;
			productRefGroup = 16B13B6E22AFC47000B21343 /* Products */;
			projectDirPath = "";
			projectRoot = "";
			targets = (
				16B13B6C22AFC47000B21343 /* FadeOutFadeInAnimation */,
				16B13B8022AFC47100B21343 /* FadeOutFadeInAnimationTests */,
				16B13B8B22AFC47100B21343 /* FadeOutFadeInAnimationUITests */,
			);
		};
/* End PBXProject section */

/* Begin PBXResourcesBuildPhase section */
		16B13B6B22AFC47000B21343 /* Resources */ = {
			isa = PBXResourcesBuildPhase;
			buildActionMask = 2147483647;
			files = (
				16B13B7B22AFC47100B21343 /* LaunchScreen.storyboard in Resources */,
				16B13B7822AFC47100B21343 /* Assets.xcassets in Resources */,
				16B13B7622AFC47000B21343 /* Main.storyboard in Resources */,
			);
			runOnlyForDeploymentPostprocessing = 0;
		};
		16B13B7F22AFC47100B21343 /* Resources */ = {
			isa = PBXResourcesBuildPhase;
			buildActionMask = 2147483647;
			files = (
			);
			runOnlyForDeploymentPostprocessing = 0;
		};
		16B13B8A22AFC47100B21343 /* Resources */ = {
			isa = PBXResourcesBuildPhase;
			buildActionMask = 2147483647;
			files = (
			);
			runOnlyForDeploymentPostprocessing = 0;
		};
/* End PBXResourcesBuildPhase section */

/* Begin PBXSourcesBuildPhase section */
		16B13B6922AFC47000B21343 /* Sources */ = {
			isa = PBXSourcesBuildPhase;
			buildActionMask = 2147483647;
			files = (
				16B13B7322AFC47000B21343 /* ViewController.swift in Sources */,
				16B13B7122AFC47000B21343 /* AppDelegate.swift in Sources */,
			);
			runOnlyForDeploymentPostprocessing = 0;
		};
		16B13B7D22AFC47100B21343 /* Sources */ = {
			isa = PBXSourcesBuildPhase;
			buildActionMask = 2147483647;
			files = (
				16B13B8622AFC47100B21343 /* FadeOutFadeInAnimationTests.swift in Sources */,
			);
			runOnlyForDeploymentPostprocessing = 0;
		};
		16B13B8822AFC47100B21343 /* Sources */ = {
			isa = PBXSourcesBuildPhase;
			buildActionMask = 2147483647;
			files = (
				16B13B9122AFC47100B21343 /* FadeOutFadeInAnimationUITests.swift in Sources */,
			);
			runOnlyForDeploymentPostprocessing = 0;
		};
/* End PBXSourcesBuildPhase section */

/* Begin PBXTargetDependency section */
		16B13B8322AFC47100B21343 /* PBXTargetDependency */ = {
			isa = PBXTargetDependency;
			target = 16B13B6C22AFC47000B21343 /* FadeOutFadeInAnimation */;
			targetProxy = 16B13B8222AFC47100B21343 /* PBXContainerItemProxy */;
		};
		16B13B8E22AFC47100B21343 /* PBXTargetDependency */ = {
			isa = PBXTargetDependency;
			target = 16B13B6C22AFC47000B21343 /* FadeOutFadeInAnimation */;
			targetProxy = 16B13B8D22AFC47100B21343 /* PBXContainerItemProxy */;
		};
/* End PBXTargetDependency section */

/* Begin PBXVariantGroup section */
		16B13B7422AFC47000B21343 /* Main.storyboard */ = {
			isa = PBXVariantGroup;
			children = (
				16B13B7522AFC47000B21343 /* Base */,
			);
			name = Main.storyboard;
			sourceTree = "<group>";
		};
		16B13B7922AFC47100B21343 /* LaunchScreen.storyboard */ = {
			isa = PBXVariantGroup;
			children = (
				16B13B7A22AFC47100B21343 /* Base */,
			);
			name = LaunchScreen.storyboard;
			sourceTree = "<group>";
		};
/* End PBXVariantGroup section */

/* Begin XCBuildConfiguration section */
		16B13B9322AFC47100B21343 /* Debug */ = {
			isa = XCBuildConfiguration;
			buildSettings = {
				ALWAYS_SEARCH_USER_PATHS = NO;
				CLANG_ANALYZER_NONNULL = YES;
				CLANG_ANALYZER_NUMBER_OBJECT_CONVERSION = YES_AGGRESSIVE;
				CLANG_CXX_LANGUAGE_STANDARD = "gnu++14";
				CLANG_CXX_LIBRARY = "libc++";
				CLANG_ENABLE_MODULES = YES;
				CLANG_ENABLE_OBJC_ARC = YES;
				CLANG_ENABLE_OBJC_WEAK = YES;
				CLANG_WARN_BLOCK_CAPTURE_AUTORELEASING = YES;
				CLANG_WARN_BOOL_CONVERSION = YES;
				CLANG_WARN_COMMA = YES;
				CLANG_WARN_CONSTANT_CONVERSION = YES;
				CLANG_WARN_DEPRECATED_OBJC_IMPLEMENTATIONS = YES;
				CLANG_WARN_DIRECT_OBJC_ISA_USAGE = YES_ERROR;
				CLANG_WARN_DOCUMENTATION_COMMENTS = YES;
				CLANG_WARN_EMPTY_BODY = YES;
				CLANG_WARN_ENUM_CONVERSION = YES;
				CLANG_WARN_INFINITE_RECURSION = YES;
				CLANG_WARN_INT_CONVERSION = YES;
				CLANG_WARN_NON_LITERAL_NULL_CONVERSION = YES;
				CLANG_WARN_OBJC_IMPLICIT_RETAIN_SELF = YES;
				CLANG_WARN_OBJC_LITERAL_CONVERSION = YES;
				CLANG_WARN_OBJC_ROOT_CLASS = YES_ERROR;
				CLANG_WARN_RANGE_LOOP_ANALYSIS = YES;
				CLANG_WARN_STRICT_PROTOTYPES = YES;
				CLANG_WARN_SUSPICIOUS_MOVE = YES;
				CLANG_WARN_UNGUARDED_AVAILABILITY = YES_AGGRESSIVE;
				CLANG_WARN_UNREACHABLE_CODE = YES;
				CLANG_WARN__DUPLICATE_METHOD_MATCH = YES;
				CODE_SIGN_IDENTITY = "iPhone Developer";
				COPY_PHASE_STRIP = NO;
				DEBUG_INFORMATION_FORMAT = dwarf;
				ENABLE_STRICT_OBJC_MSGSEND = YES;
				ENABLE_TESTABILITY = YES;
				GCC_C_LANGUAGE_STANDARD = gnu11;
				GCC_DYNAMIC_NO_PIC = NO;
				GCC_NO_COMMON_BLOCKS = YES;
				GCC_OPTIMIZATION_LEVEL = 0;
				GCC_PREPROCESSOR_DEFINITIONS = (
					"DEBUG=1",
					"$(inherited)",
				);
				GCC_WARN_64_TO_32_BIT_CONVERSION = YES;
				GCC_WARN_ABOUT_RETURN_TYPE = YES_ERROR;
				GCC_WARN_UNDECLARED_SELECTOR = YES;
				GCC_WARN_UNINITIALIZED_AUTOS = YES_AGGRESSIVE;
				GCC_WARN_UNUSED_FUNCTION = YES;
				GCC_WARN_UNUSED_VARIABLE = YES;
				IPHONEOS_DEPLOYMENT_TARGET = 12.2;
				MTL_ENABLE_DEBUG_INFO = INCLUDE_SOURCE;
				MTL_FAST_MATH = YES;
				ONLY_ACTIVE_ARCH = YES;
				SDKROOT = iphoneos;
				SWIFT_ACTIVE_COMPILATION_CONDITIONS = DEBUG;
				SWIFT_OPTIMIZATION_LEVEL = "-Onone";
			};
			name = Debug;
		};
		16B13B9422AFC47100B21343 /* Release */ = {
			isa = XCBuildConfiguration;
			buildSettings = {
				ALWAYS_SEARCH_USER_PATHS = NO;
				CLANG_ANALYZER_NONNULL = YES;
				CLANG_ANALYZER_NUMBER_OBJECT_CONVERSION = YES_AGGRESSIVE;
				CLANG_CXX_LANGUAGE_STANDARD = "gnu++14";
				CLANG_CXX_LIBRARY = "libc++";
				CLANG_ENABLE_MODULES = YES;
				CLANG_ENABLE_OBJC_ARC = YES;
				CLANG_ENABLE_OBJC_WEAK = YES;
				CLANG_WARN_BLOCK_CAPTURE_AUTORELEASING = YES;
				CLANG_WARN_BOOL_CONVERSION = YES;
				CLANG_WARN_COMMA = YES;
				CLANG_WARN_CONSTANT_CONVERSION = YES;
				CLANG_WARN_DEPRECATED_OBJC_IMPLEMENTATIONS = YES;
				CLANG_WARN_DIRECT_OBJC_ISA_USAGE = YES_ERROR;
				CLANG_WARN_DOCUMENTATION_COMMENTS = YES;
				CLANG_WARN_EMPTY_BODY = YES;
				CLANG_WARN_ENUM_CONVERSION = YES;
				CLANG_WARN_INFINITE_RECURSION = YES;
				CLANG_WARN_INT_CONVERSION = YES;
				CLANG_WARN_NON_LITERAL_NULL_CONVERSION = YES;
				CLANG_WARN_OBJC_IMPLICIT_RETAIN_SELF = YES;
				CLANG_WARN_OBJC_LITERAL_CONVERSION = YES;
				CLANG_WARN_OBJC_ROOT_CLASS = YES_ERROR;
				CLANG_WARN_RANGE_LOOP_ANALYSIS = YES;
				CLANG_WARN_STRICT_PROTOTYPES = YES;
				CLANG_WARN_SUSPICIOUS_MOVE = YES;
				CLANG_WARN_UNGUARDED_AVAILABILITY = YES_AGGRESSIVE;
				CLANG_WARN_UNREACHABLE_CODE = YES;
				CLANG_WARN__DUPLICATE_METHOD_MATCH = YES;
				CODE_SIGN_IDENTITY = "iPhone Developer";
				COPY_PHASE_STRIP = NO;
				DEBUG_INFORMATION_FORMAT = "dwarf-with-dsym";
				ENABLE_NS_ASSERTIONS = NO;
				ENABLE_STRICT_OBJC_MSGSEND = YES;
				GCC_C_LANGUAGE_STANDARD = gnu11;
				GCC_NO_COMMON_BLOCKS = YES;
				GCC_WARN_64_TO_32_BIT_CONVERSION = YES;
				GCC_WARN_ABOUT_RETURN_TYPE = YES_ERROR;
				GCC_WARN_UNDECLARED_SELECTOR = YES;
				GCC_WARN_UNINITIALIZED_AUTOS = YES_AGGRESSIVE;
				GCC_WARN_UNUSED_FUNCTION = YES;
				GCC_WARN_UNUSED_VARIABLE = YES;
				IPHONEOS_DEPLOYMENT_TARGET = 12.2;
				MTL_ENABLE_DEBUG_INFO = NO;
				MTL_FAST_MATH = YES;
				SDKROOT = iphoneos;
				SWIFT_COMPILATION_MODE = wholemodule;
				SWIFT_OPTIMIZATION_LEVEL = "-O";
				VALIDATE_PRODUCT = YES;
			};
			name = Release;
		};
		16B13B9622AFC47100B21343 /* Debug */ = {
			isa = XCBuildConfiguration;
			buildSettings = {
				ASSETCATALOG_COMPILER_APPICON_NAME = AppIcon;
				CODE_SIGN_STYLE = Automatic;
				INFOPLIST_FILE = FadeOutFadeInAnimation/Info.plist;
				LD_RUNPATH_SEARCH_PATHS = (
					"$(inherited)",
					"@executable_path/Frameworks",
				);
				PRODUCT_BUNDLE_IDENTIFIER = Happykrafts.FadeOutFadeInAnimation;
				PRODUCT_NAME = "$(TARGET_NAME)";
				SWIFT_VERSION = 5.0;
				TARGETED_DEVICE_FAMILY = "1,2";
			};
			name = Debug;
		};
		16B13B9722AFC47100B21343 /* Release */ = {
			isa = XCBuildConfiguration;
			buildSettings = {
				ASSETCATALOG_COMPILER_APPICON_NAME = AppIcon;
				CODE_SIGN_STYLE = Automatic;
				INFOPLIST_FILE = FadeOutFadeInAnimation/Info.plist;
				LD_RUNPATH_SEARCH_PATHS = (
					"$(inherited)",
					"@executable_path/Frameworks",
				);
				PRODUCT_BUNDLE_IDENTIFIER = Happykrafts.FadeOutFadeInAnimation;
				PRODUCT_NAME = "$(TARGET_NAME)";
				SWIFT_VERSION = 5.0;
				TARGETED_DEVICE_FAMILY = "1,2";
			};
			name = Release;
		};
		16B13B9922AFC47100B21343 /* Debug */ = {
			isa = XCBuildConfiguration;
			buildSettings = {
				ALWAYS_EMBED_SWIFT_STANDARD_LIBRARIES = YES;
				BUNDLE_LOADER = "$(TEST_HOST)";
				CODE_SIGN_STYLE = Automatic;
				INFOPLIST_FILE = FadeOutFadeInAnimationTests/Info.plist;
				LD_RUNPATH_SEARCH_PATHS = (
					"$(inherited)",
					"@executable_path/Frameworks",
					"@loader_path/Frameworks",
				);
				PRODUCT_BUNDLE_IDENTIFIER = Happykrafts.FadeOutFadeInAnimationTests;
				PRODUCT_NAME = "$(TARGET_NAME)";
				SWIFT_VERSION = 5.0;
				TARGETED_DEVICE_FAMILY = "1,2";
				TEST_HOST = "$(BUILT_PRODUCTS_DIR)/FadeOutFadeInAnimation.app/FadeOutFadeInAnimation";
			};
			name = Debug;
		};
		16B13B9A22AFC47100B21343 /* Release */ = {
			isa = XCBuildConfiguration;
			buildSettings = {
				ALWAYS_EMBED_SWIFT_STANDARD_LIBRARIES = YES;
				BUNDLE_LOADER = "$(TEST_HOST)";
				CODE_SIGN_STYLE = Automatic;
				INFOPLIST_FILE = FadeOutFadeInAnimationTests/Info.plist;
				LD_RUNPATH_SEARCH_PATHS = (
					"$(inherited)",
					"@executable_path/Frameworks",
					"@loader_path/Frameworks",
				);
				PRODUCT_BUNDLE_IDENTIFIER = Happykrafts.FadeOutFadeInAnimationTests;
				PRODUCT_NAME = "$(TARGET_NAME)";
				SWIFT_VERSION = 5.0;
				TARGETED_DEVICE_FAMILY = "1,2";
				TEST_HOST = "$(BUILT_PRODUCTS_DIR)/FadeOutFadeInAnimation.app/FadeOutFadeInAnimation";
			};
			name = Release;
		};
		16B13B9C22AFC47100B21343 /* Debug */ = {
			isa = XCBuildConfiguration;
			buildSettings = {
				ALWAYS_EMBED_SWIFT_STANDARD_LIBRARIES = YES;
				CODE_SIGN_STYLE = Automatic;
				INFOPLIST_FILE = FadeOutFadeInAnimationUITests/Info.plist;
				LD_RUNPATH_SEARCH_PATHS = (
					"$(inherited)",
					"@executable_path/Frameworks",
					"@loader_path/Frameworks",
				);
				PRODUCT_BUNDLE_IDENTIFIER = Happykrafts.FadeOutFadeInAnimationUITests;
				PRODUCT_NAME = "$(TARGET_NAME)";
				SWIFT_VERSION = 5.0;
				TARGETED_DEVICE_FAMILY = "1,2";
				TEST_TARGET_NAME = FadeOutFadeInAnimation;
			};
			name = Debug;
		};
		16B13B9D22AFC47100B21343 /* Release */ = {
			isa = XCBuildConfiguration;
			buildSettings = {
				ALWAYS_EMBED_SWIFT_STANDARD_LIBRARIES = YES;
				CODE_SIGN_STYLE = Automatic;
				INFOPLIST_FILE = FadeOutFadeInAnimationUITests/Info.plist;
				LD_RUNPATH_SEARCH_PATHS = (
					"$(inherited)",
					"@executable_path/Frameworks",
					"@loader_path/Frameworks",
				);
				PRODUCT_BUNDLE_IDENTIFIER = Happykrafts.FadeOutFadeInAnimationUITests;
				PRODUCT_NAME = "$(TARGET_NAME)";
				SWIFT_VERSION = 5.0;
				TARGETED_DEVICE_FAMILY = "1,2";
				TEST_TARGET_NAME = FadeOutFadeInAnimation;
			};
			name = Release;
		};
/* End XCBuildConfiguration section */

/* Begin XCConfigurationList section */
		16B13B6822AFC47000B21343 /* Build configuration list for PBXProject "FadeOutFadeInAnimation" */ = {
			isa = XCConfigurationList;
			buildConfigurations = (
				16B13B9322AFC47100B21343 /* Debug */,
				16B13B9422AFC47100B21343 /* Release */,
			);
			defaultConfigurationIsVisible = 0;
			defaultConfigurationName = Release;
		};
		16B13B9522AFC47100B21343 /* Build configuration list for PBXNativeTarget "FadeOutFadeInAnimation" */ = {
			isa = XCConfigurationList;
			buildConfigurations = (
				16B13B9622AFC47100B21343 /* Debug */,
				16B13B9722AFC47100B21343 /* Release */,
			);
			defaultConfigurationIsVisible = 0;
			defaultConfigurationName = Release;
		};
		16B13B9822AFC47100B21343 /* Build configuration list for PBXNativeTarget "FadeOutFadeInAnimationTests" */ = {
			isa = XCConfigurationList;
			buildConfigurations = (
				16B13B9922AFC47100B21343 /* Debug */,
				16B13B9A22AFC47100B21343 /* Release */,
			);
			defaultConfigurationIsVisible = 0;
			defaultConfigurationName = Release;
		};
		16B13B9B22AFC47100B21343 /* Build configuration list for PBXNativeTarget "FadeOutFadeInAnimationUITests" */ = {
			isa = XCConfigurationList;
			buildConfigurations = (
				16B13B9C22AFC47100B21343 /* Debug */,
				16B13B9D22AFC47100B21343 /* Release */,
			);
			defaultConfigurationIsVisible = 0;
			defaultConfigurationName = Release;
		};
/* End XCConfigurationList section */
	};
	rootObject = 16B13B6522AFC47000B21343 /* Project object */;
}
